Microsoft Visual Studio Solution File, Format Version 12.00
# Visual Studio Version 16
VisualStudioVersion = 16.0.28803.202
MinimumVisualStudioVersion = 10.0.40219.1
Project("{FAE04EC0-301F-11D3-BF4B-00C04F79EFBC}") = "pew", "src\pew\pew.csproj", "{ED5646F6-51EE-4351-B4B0-25BC982B162D}"
EndProject
Project("{2150E333-8FDC-42A3-9474-1A3956D46DE8}") = "Solution Items", "Solution Items", "{8B5D8C51-D221-4B2C-87FD-85E282F5852A}"
	ProjectSection(SolutionItems) = preProject
		.editorconfig = .editorconfig
		.gitattributes = .gitattributes
		.gitignore = .gitignore
		COPYING = COPYING
		README.md = README.md
	EndProjectSection
EndProject
Global
	GlobalSection(SolutionConfigurationPlatforms) = preSolution
		Debug|Any CPU = Debug|Any CPU
		Release|Any CPU = Release|Any CPU
	EndGlobalSection
	GlobalSection(ProjectConfigurationPlatforms) = postSolution
		{ED5646F6-51EE-4351-B4B0-25BC982B162D}.Debug|Any CPU.ActiveCfg = Debug|Any CPU
		{ED5646F6-51EE-4351-B4B0-25BC982B162D}.Debug|Any CPU.Build.0 = Debug|Any CPU
		{ED5646F6-51EE-4351-B4B0-25BC982B162D}.Release|Any CPU.ActiveCfg = Release|Any CPU
		{ED5646F6-51EE-4351-B4B0-25BC982B162D}.Release|Any CPU.Build.0 = Release|Any CPU
	EndGlobalSection
	GlobalSection(SolutionProperties) = preSolution
		HideSolutionNode = FALSE
	EndGlobalSection
	GlobalSection(ExtensibilityGlobals) = postSolution
		SolutionGuid = {4CB62C34-E56C-4191-81EC-0138494E137E}
	EndGlobalSection
EndGlobal
